
Microsoft Visual Studio Solution File, Format Version 12.00
# Visual Studio Version 17
VisualStudioVersion = 17.5.33424.131
MinimumVisualStudioVersion = 10.0.40219.1
Project("{FAE04EC0-301F-11D3-BF4B-00C04F79EFBC}") = "FitnessApp.BL", "FitnessApp.BL\FitnessApp.BL.csproj", "{35511CF3-502E-468F-8AC9-C2355D0E3D97}"
EndProject
Project("{FAE04EC0-301F-11D3-BF4B-00C04F79EFBC}") = "FitnessApp.CMD", "FitnessApp.CMD\FitnessApp.CMD.csproj", "{59D3203C-60A2-4FB9-9689-99C096C5569F}"
EndProject
Project("{FAE04EC0-301F-11D3-BF4B-00C04F79EFBC}") = "FitnessApp.BLTests", "FitnessApp.BLTests\FitnessApp.BLTests.csproj", "{1F9846B8-4D9A-48F0-B8A8-1CF21D0D42C1}"
EndProject
Global
	GlobalSection(SolutionConfigurationPlatforms) = preSolution
		Debug|Any CPU = Debug|Any CPU
		Release|Any CPU = Release|Any CPU
	EndGlobalSection
	GlobalSection(ProjectConfigurationPlatforms) = postSolution
		{35511CF3-502E-468F-8AC9-C2355D0E3D97}.Debug|Any CPU.ActiveCfg = Debug|Any CPU
		{35511CF3-502E-468F-8AC9-C2355D0E3D97}.Debug|Any CPU.Build.0 = Debug|Any CPU
		{35511CF3-502E-468F-8AC9-C2355D0E3D97}.Release|Any CPU.ActiveCfg = Release|Any CPU
		{35511CF3-502E-468F-8AC9-C2355D0E3D97}.Release|Any CPU.Build.0 = Release|Any CPU
		{59D3203C-60A2-4FB9-9689-99C096C5569F}.Debug|Any CPU.ActiveCfg = Debug|Any CPU
		{59D3203C-60A2-4FB9-9689-99C096C5569F}.Debug|Any CPU.Build.0 = Debug|Any CPU
		{59D3203C-60A2-4FB9-9689-99C096C5569F}.Release|Any CPU.ActiveCfg = Release|Any CPU
		{59D3203C-60A2-4FB9-9689-99C096C5569F}.Release|Any CPU.Build.0 = Release|Any CPU
		{1F9846B8-4D9A-48F0-B8A8-1CF21D0D42C1}.Debug|Any CPU.ActiveCfg = Debug|Any CPU
		{1F9846B8-4D9A-48F0-B8A8-1CF21D0D42C1}.Debug|Any CPU.Build.0 = Debug|Any CPU
		{1F9846B8-4D9A-48F0-B8A8-1CF21D0D42C1}.Release|Any CPU.ActiveCfg = Release|Any CPU
		{1F9846B8-4D9A-48F0-B8A8-1CF21D0D42C1}.Release|Any CPU.Build.0 = Release|Any CPU
	EndGlobalSection
	GlobalSection(SolutionProperties) = preSolution
		HideSolutionNode = FALSE
	EndGlobalSection
	GlobalSection(ExtensibilityGlobals) = postSolution
		SolutionGuid = {12F80247-326F-4A16-860A-C6C2D9BB45B8}
	EndGlobalSection
EndGlobal
